
Microsoft Visual Studio Solution File, Format Version 12.00
# Visual Studio Version 16
VisualStudioVersion = 16.0.31129.286
MinimumVisualStudioVersion = 10.0.40219.1
Project("{FAE04EC0-301F-11D3-BF4B-00C04F79EFBC}") = "Inventario", "Inventario\Inventario.csproj", "{A47CAC0C-7B07-4746-B66B-3299B8C05841}"
EndProject
Global
	GlobalSection(SolutionConfigurationPlatforms) = preSolution
		Debug|Any CPU = Debug|Any CPU
		Release|Any CPU = Release|Any CPU
	EndGlobalSection
	GlobalSection(ProjectConfigurationPlatforms) = postSolution
		{A47CAC0C-7B07-4746-B66B-3299B8C05841}.Debug|Any CPU.ActiveCfg = Debug|Any CPU
		{A47CAC0C-7B07-4746-B66B-3299B8C05841}.Debug|Any CPU.Build.0 = Debug|Any CPU
		{A47CAC0C-7B07-4746-B66B-3299B8C05841}.Release|Any CPU.ActiveCfg = Release|Any CPU
		{A47CAC0C-7B07-4746-B66B-3299B8C05841}.Release|Any CPU.Build.0 = Release|Any CPU
	EndGlobalSection
	GlobalSection(SolutionProperties) = preSolution
		HideSolutionNode = FALSE
	EndGlobalSection
	GlobalSection(ExtensibilityGlobals) = postSolution
		SolutionGuid = {356D980A-F25D-485B-B35A-CE3B1B613857}
	EndGlobalSection
EndGlobal
